// !$*UTF8*$!
{
	archiveVersion = 1;
	classes = {
	};
	objectVersion = 46;
	objects = {

/* Begin PBXBuildFile section */
		07CD36E81B62A746004AB102 /* AppDelegate.swift in Sources */ = {isa = PBXBuildFile; fileRef = 07CD36E71B62A746004AB102 /* AppDelegate.swift */; };
		07CD36EA1B62A746004AB102 /* RecordSoundsViewController.swift in Sources */ = {isa = PBXBuildFile; fileRef = 07CD36E91B62A746004AB102 /* RecordSoundsViewController.swift */; };
		07CD36ED1B62A746004AB102 /* Main.storyboard in Resources */ = {isa = PBXBuildFile; fileRef = 07CD36EB1B62A746004AB102 /* Main.storyboard */; };
		07CD36EF1B62A746004AB102 /* Images.xcassets in Resources */ = {isa = PBXBuildFile; fileRef = 07CD36EE1B62A746004AB102 /* Images.xcassets */; };
		07CD36F21B62A747004AB102 /* LaunchScreen.xib in Resources */ = {isa = PBXBuildFile; fileRef = 07CD36F01B62A747004AB102 /* LaunchScreen.xib */; };
		07CD36FE1B62A747004AB102 /* PitchPerfectTests.swift in Sources */ = {isa = PBXBuildFile; fileRef = 07CD36FD1B62A747004AB102 /* PitchPerfectTests.swift */; };
		07CD37081B6300E4004AB102 /* PlaySoundsViewController.swift in Sources */ = {isa = PBXBuildFile; fileRef = 07CD37071B6300E4004AB102 /* PlaySoundsViewController.swift */; };
		07CD370A1B632116004AB102 /* movie_quote.mp3 in Resources */ = {isa = PBXBuildFile; fileRef = 07CD37091B632116004AB102 /* movie_quote.mp3 */; };
		07CD370C1B66B794004AB102 /* RecordedAudio.swift in Sources */ = {isa = PBXBuildFile; fileRef = 07CD370B1B66B794004AB102 /* RecordedAudio.swift */; };
/* End PBXBuildFile section */

/* Begin PBXContainerItemProxy section */
		07CD36F81B62A747004AB102 /* PBXContainerItemProxy */ = {
			isa = PBXContainerItemProxy;
			containerPortal = 07CD36DA1B62A745004AB102 /* Project object */;
			proxyType = 1;
			remoteGlobalIDString = 07CD36E11B62A745004AB102;
			remoteInfo = PitchPerfect;
		};
/* End PBXContainerItemProxy section */

/* Begin PBXFileReference section */
		07CD36E21B62A746004AB102 /* PitchPerfect.app */ = {isa = PBXFileReference; explicitFileType = wrapper.application; includeInIndex = 0; path = PitchPerfect.app; sourceTree = BUILT_PRODUCTS_DIR; };
		07CD36E61B62A746004AB102 /* Info.plist */ = {isa = PBXFileReference; lastKnownFileType = text.plist.xml; path = Info.plist; sourceTree = "<group>"; };
		07CD36E71B62A746004AB102 /* AppDelegate.swift */ = {isa = PBXFileReference; lastKnownFileType = sourcecode.swift; path = AppDelegate.swift; sourceTree = "<group>"; };
		07CD36E91B62A746004AB102 /* RecordSoundsViewController.swift */ = {isa = PBXFileReference; lastKnownFileType = sourcecode.swift; path = RecordSoundsViewController.swift; sourceTree = "<group>"; };
		07CD36EC1B62A746004AB102 /* Base */ = {isa = PBXFileReference; lastKnownFileType = file.storyboard; name = Base; path = Base.lproj/Main.storyboard; sourceTree = "<group>"; };
		07CD36EE1B62A746004AB102 /* Images.xcassets */ = {isa = PBXFileReference; lastKnownFileType = folder.assetcatalog; path = Images.xcassets; sourceTree = "<group>"; };
		07CD36F11B62A747004AB102 /* Base */ = {isa = PBXFileReference; lastKnownFileType = file.xib; name = Base; path = Base.lproj/LaunchScreen.xib; sourceTree = "<group>"; };
		07CD36F71B62A747004AB102 /* PitchPerfectTests.xctest */ = {isa = PBXFileReference; explicitFileType = wrapper.cfbundle; includeInIndex = 0; path = PitchPerfectTests.xctest; sourceTree = BUILT_PRODUCTS_DIR; };
		07CD36FC1B62A747004AB102 /* Info.plist */ = {isa = PBXFileReference; lastKnownFileType = text.plist.xml; path = Info.plist; sourceTree = "<group>"; };
		07CD36FD1B62A747004AB102 /* PitchPerfectTests.swift */ = {isa = PBXFileReference; lastKnownFileType = sourcecode.swift; path = PitchPerfectTests.swift; sourceTree = "<group>"; };
		07CD37071B6300E4004AB102 /* PlaySoundsViewController.swift */ = {isa = PBXFileReference; fileEncoding = 4; lastKnownFileType = sourcecode.swift; name = PlaySoundsViewController.swift; path = ../PlaySoundsViewController.swift; sourceTree = "<group>"; };
		07CD37091B632116004AB102 /* movie_quote.mp3 */ = {isa = PBXFileReference; lastKnownFileType = audio.mp3; path = movie_quote.mp3; sourceTree = "<group>"; };
		07CD370B1B66B794004AB102 /* RecordedAudio.swift */ = {isa = PBXFileReference; fileEncoding = 4; lastKnownFileType = sourcecode.swift; path = RecordedAudio.swift; sourceTree = "<group>"; };
/* End PBXFileReference section */

/* Begin PBXFrameworksBuildPhase section */
		07CD36DF1B62A745004AB102 /* Frameworks */ = {
			isa = PBXFrameworksBuildPhase;
			buildActionMask = 2147483647;
			files = (
			);
			runOnlyForDeploymentPostprocessing = 0;
		};
		07CD36F41B62A747004AB102 /* Frameworks */ = {
			isa = PBXFrameworksBuildPhase;
			buildActionMask = 2147483647;
			files = (
			);
			runOnlyForDeploymentPostprocessing = 0;
		};
/* End PBXFrameworksBuildPhase section */

/* Begin PBXGroup section */
		07CD36D91B62A745004AB102 = {
			isa = PBXGroup;
			children = (
				07CD36E41B62A746004AB102 /* PitchPerfect */,
				07CD36FA1B62A747004AB102 /* PitchPerfectTests */,
				07CD36E31B62A746004AB102 /* Products */,
			);
			sourceTree = "<group>";
		};
		07CD36E31B62A746004AB102 /* Products */ = {
			isa = PBXGroup;
			children = (
				07CD36E21B62A746004AB102 /* PitchPerfect.app */,
				07CD36F71B62A747004AB102 /* PitchPerfectTests.xctest */,
			);
			name = Products;
			sourceTree = "<group>";
		};
		07CD36E41B62A746004AB102 /* PitchPerfect */ = {
			isa = PBXGroup;
			children = (
				07CD36E71B62A746004AB102 /* AppDelegate.swift */,
				07CD37071B6300E4004AB102 /* PlaySoundsViewController.swift */,
				07CD36E91B62A746004AB102 /* RecordSoundsViewController.swift */,
				07CD370B1B66B794004AB102 /* RecordedAudio.swift */,
				07CD36EB1B62A746004AB102 /* Main.storyboard */,
				07CD36EE1B62A746004AB102 /* Images.xcassets */,
				07CD36F01B62A747004AB102 /* LaunchScreen.xib */,
				07CD36E51B62A746004AB102 /* Supporting Files */,
			);
			path = PitchPerfect;
			sourceTree = "<group>";
		};
		07CD36E51B62A746004AB102 /* Supporting Files */ = {
			isa = PBXGroup;
			children = (
				07CD36E61B62A746004AB102 /* Info.plist */,
				07CD37091B632116004AB102 /* movie_quote.mp3 */,
			);
			name = "Supporting Files";
			sourceTree = "<group>";
		};
		07CD36FA1B62A747004AB102 /* PitchPerfectTests */ = {
			isa = PBXGroup;
			children = (
				07CD36FD1B62A747004AB102 /* PitchPerfectTests.swift */,
				07CD36FB1B62A747004AB102 /* Supporting Files */,
			);
			path = PitchPerfectTests;
			sourceTree = "<group>";
		};
		07CD36FB1B62A747004AB102 /* Supporting Files */ = {
			isa = PBXGroup;
			children = (
				07CD36FC1B62A747004AB102 /* Info.plist */,
			);
			name = "Supporting Files";
			sourceTree = "<group>";
		};
/* End PBXGroup section */

/* Begin PBXNativeTarget section */
		07CD36E11B62A745004AB102 /* PitchPerfect */ = {
			isa = PBXNativeTarget;
			buildConfigurationList = 07CD37011B62A747004AB102 /* Build configuration list for PBXNativeTarget "PitchPerfect" */;
			buildPhases = (
				07CD36DE1B62A745004AB102 /* Sources */,
				07CD36DF1B62A745004AB102 /* Frameworks */,
				07CD36E01B62A745004AB102 /* Resources */,
			);
			buildRules = (
			);
			dependencies = (
			);
			name = PitchPerfect;
			productName = PitchPerfect;
			productReference = 07CD36E21B62A746004AB102 /* PitchPerfect.app */;
			productType = "com.apple.product-type.application";
		};
		07CD36F61B62A747004AB102 /* PitchPerfectTests */ = {
			isa = PBXNativeTarget;
			buildConfigurationList = 07CD37041B62A747004AB102 /* Build configuration list for PBXNativeTarget "PitchPerfectTests" */;
			buildPhases = (
				07CD36F31B62A747004AB102 /* Sources */,
				07CD36F41B62A747004AB102 /* Frameworks */,
				07CD36F51B62A747004AB102 /* Resources */,
			);
			buildRules = (
			);
			dependencies = (
				07CD36F91B62A747004AB102 /* PBXTargetDependency */,
			);
			name = PitchPerfectTests;
			productName = PitchPerfectTests;
			productReference = 07CD36F71B62A747004AB102 /* PitchPerfectTests.xctest */;
			productType = "com.apple.product-type.bundle.unit-test";
		};
/* End PBXNativeTarget section */

/* Begin PBXProject section */
		07CD36DA1B62A745004AB102 /* Project object */ = {
			isa = PBXProject;
			attributes = {
				LastUpgradeCheck = 0640;
				ORGANIZATIONNAME = VioletJ;
				TargetAttributes = {
					07CD36E11B62A745004AB102 = {
						CreatedOnToolsVersion = 6.4;
					};
					07CD36F61B62A747004AB102 = {
						CreatedOnToolsVersion = 6.4;
						TestTargetID = 07CD36E11B62A745004AB102;
					};
				};
			};
			buildConfigurationList = 07CD36DD1B62A745004AB102 /* Build configuration list for PBXProject "PitchPerfect" */;
			compatibilityVersion = "Xcode 3.2";
			developmentRegion = English;
			hasScannedForEncodings = 0;
			knownRegions = (
				en,
				Base,
			);
			mainGroup = 07CD36D91B62A745004AB102;
			productRefGroup = 07CD36E31B62A746004AB102 /* Products */;
			projectDirPath = "";
			projectRoot = "";
			targets = (
				07CD36E11B62A745004AB102 /* PitchPerfect */,
				07CD36F61B62A747004AB102 /* PitchPerfectTests */,
			);
		};
/* End PBXProject section */

/* Begin PBXResourcesBuildPhase section */
		07CD36E01B62A745004AB102 /* Resources */ = {
			isa = PBXResourcesBuildPhase;
			buildActionMask = 2147483647;
			files = (
				07CD36ED1B62A746004AB102 /* Main.storyboard in Resources */,
				07CD36F21B62A747004AB102 /* LaunchScreen.xib in Resources */,
				07CD370A1B632116004AB102 /* movie_quote.mp3 in Resources */,
				07CD36EF1B62A746004AB102 /* Images.xcassets in Resources */,
			);
			runOnlyForDeploymentPostprocessing = 0;
		};
		07CD36F51B62A747004AB102 /* Resources */ = {
			isa = PBXResourcesBuildPhase;
			buildActionMask = 2147483647;
			files = (
			);
			runOnlyForDeploymentPostprocessing = 0;
		};
/* End PBXResourcesBuildPhase section */

/* Begin PBXSourcesBuildPhase section */
		07CD36DE1B62A745004AB102 /* Sources */ = {
			isa = PBXSourcesBuildPhase;
			buildActionMask = 2147483647;
			files = (
				07CD370C1B66B794004AB102 /* RecordedAudio.swift in Sources */,
				07CD36EA1B62A746004AB102 /* RecordSoundsViewController.swift in Sources */,
				07CD37081B6300E4004AB102 /* PlaySoundsViewController.swift in Sources */,
				07CD36E81B62A746004AB102 /* AppDelegate.swift in Sources */,
			);
			runOnlyForDeploymentPostprocessing = 0;
		};
		07CD36F31B62A747004AB102 /* Sources */ = {
			isa = PBXSourcesBuildPhase;
			buildActionMask = 2147483647;
			files = (
				07CD36FE1B62A747004AB102 /* PitchPerfectTests.swift in Sources */,
			);
			runOnlyForDeploymentPostprocessing = 0;
		};
/* End PBXSourcesBuildPhase section */

/* Begin PBXTargetDependency section */
		07CD36F91B62A747004AB102 /* PBXTargetDependency */ = {
			isa = PBXTargetDependency;
			target = 07CD36E11B62A745004AB102 /* PitchPerfect */;
			targetProxy = 07CD36F81B62A747004AB102 /* PBXContainerItemProxy */;
		};
/* End PBXTargetDependency section */

/* Begin PBXVariantGroup section */
		07CD36EB1B62A746004AB102 /* Main.storyboard */ = {
			isa = PBXVariantGroup;
			children = (
				07CD36EC1B62A746004AB102 /* Base */,
			);
			name = Main.storyboard;
			sourceTree = "<group>";
		};
		07CD36F01B62A747004AB102 /* LaunchScreen.xib */ = {
			isa = PBXVariantGroup;
			children = (
				07CD36F11B62A747004AB102 /* Base */,
			);
			name = LaunchScreen.xib;
			sourceTree = "<group>";
		};
/* End PBXVariantGroup section */

/* Begin XCBuildConfiguration section */
		07CD36FF1B62A747004AB102 /* Debug */ = {
			isa = XCBuildConfiguration;
			buildSettings = {
				ALWAYS_SEARCH_USER_PATHS = NO;
				CLANG_CXX_LANGUAGE_STANDARD = "gnu++0x";
				CLANG_CXX_LIBRARY = "libc++";
				CLANG_ENABLE_MODULES = YES;
				CLANG_ENABLE_OBJC_ARC = YES;
				CLANG_WARN_BOOL_CONVERSION = YES;
				CLANG_WARN_CONSTANT_CONVERSION = YES;
				CLANG_WARN_DIRECT_OBJC_ISA_USAGE = YES_ERROR;
				CLANG_WARN_EMPTY_BODY = YES;
				CLANG_WARN_ENUM_CONVERSION = YES;
				CLANG_WARN_INT_CONVERSION = YES;
				CLANG_WARN_OBJC_ROOT_CLASS = YES_ERROR;
				CLANG_WARN_UNREACHABLE_CODE = YES;
				CLANG_WARN__DUPLICATE_METHOD_MATCH = YES;
				"CODE_SIGN_IDENTITY[sdk=iphoneos*]" = "iPhone Developer";
				COPY_PHASE_STRIP = NO;
				DEBUG_INFORMATION_FORMAT = "dwarf-with-dsym";
				ENABLE_STRICT_OBJC_MSGSEND = YES;
				GCC_C_LANGUAGE_STANDARD = gnu99;
				GCC_DYNAMIC_NO_PIC = NO;
				GCC_NO_COMMON_BLOCKS = YES;
				GCC_OPTIMIZATION_LEVEL = 0;
				GCC_PREPROCESSOR_DEFINITIONS = (
					"DEBUG=1",
					"$(inherited)",
				);
				GCC_SYMBOLS_PRIVATE_EXTERN = NO;
				GCC_WARN_64_TO_32_BIT_CONVERSION = YES;
				GCC_WARN_ABOUT_RETURN_TYPE = YES_ERROR;
				GCC_WARN_UNDECLARED_SELECTOR = YES;
				GCC_WARN_UNINITIALIZED_AUTOS = YES_AGGRESSIVE;
				GCC_WARN_UNUSED_FUNCTION = YES;
				GCC_WARN_UNUSED_VARIABLE = YES;
				IPHONEOS_DEPLOYMENT_TARGET = 8.4;
				MTL_ENABLE_DEBUG_INFO = YES;
				ONLY_ACTIVE_ARCH = YES;
				SDKROOT = iphoneos;
				SWIFT_OPTIMIZATION_LEVEL = "-Onone";
			};
			name = Debug;
		};
		07CD37001B62A747004AB102 /* Release */ = {
			isa = XCBuildConfiguration;
			buildSettings = {
				ALWAYS_SEARCH_USER_PATHS = NO;
				CLANG_CXX_LANGUAGE_STANDARD = "gnu++0x";
				CLANG_CXX_LIBRARY = "libc++";
				CLANG_ENABLE_MODULES = YES;
				CLANG_ENABLE_OBJC_ARC = YES;
				CLANG_WARN_BOOL_CONVERSION = YES;
				CLANG_WARN_CONSTANT_CONVERSION = YES;
				CLANG_WARN_DIRECT_OBJC_ISA_USAGE = YES_ERROR;
				CLANG_WARN_EMPTY_BODY = YES;
				CLANG_WARN_ENUM_CONVERSION = YES;
				CLANG_WARN_INT_CONVERSION = YES;
				CLANG_WARN_OBJC_ROOT_CLASS = YES_ERROR;
				CLANG_WARN_UNREACHABLE_CODE = YES;
				CLANG_WARN__DUPLICATE_METHOD_MATCH = YES;
				"CODE_SIGN_IDENTITY[sdk=iphoneos*]" = "iPhone Developer";
				COPY_PHASE_STRIP = NO;
				DEBUG_INFORMATION_FORMAT = "dwarf-with-dsym";
				ENABLE_NS_ASSERTIONS = NO;
				ENABLE_STRICT_OBJC_MSGSEND = YES;
				GCC_C_LANGUAGE_STANDARD = gnu99;
				GCC_NO_COMMON_BLOCKS = YES;
				GCC_WARN_64_TO_32_BIT_CONVERSION = YES;
				GCC_WARN_ABOUT_RETURN_TYPE = YES_ERROR;
				GCC_WARN_UNDECLARED_SELECTOR = YES;
				GCC_WARN_UNINITIALIZED_AUTOS = YES_AGGRESSIVE;
				GCC_WARN_UNUSED_FUNCTION = YES;
				GCC_WARN_UNUSED_VARIABLE = YES;
				IPHONEOS_DEPLOYMENT_TARGET = 8.4;
				MTL_ENABLE_DEBUG_INFO = NO;
				SDKROOT = iphoneos;
				VALIDATE_PRODUCT = YES;
			};
			name = Release;
		};
		07CD37021B62A747004AB102 /* Debug */ = {
			isa = XCBuildConfiguration;
			buildSettings = {
				ASSETCATALOG_COMPILER_APPICON_NAME = AppIcon;
				INFOPLIST_FILE = PitchPerfect/Info.plist;
				LD_RUNPATH_SEARCH_PATHS = "$(inherited) @executable_path/Frameworks";
				PRODUCT_NAME = "$(TARGET_NAME)";
			};
			name = Debug;
		};
		07CD37031B62A747004AB102 /* Release */ = {
			isa = XCBuildConfiguration;
			buildSettings = {
				ASSETCATALOG_COMPILER_APPICON_NAME = AppIcon;
				INFOPLIST_FILE = PitchPerfect/Info.plist;
				LD_RUNPATH_SEARCH_PATHS = "$(inherited) @executable_path/Frameworks";
				PRODUCT_NAME = "$(TARGET_NAME)";
			};
			name = Release;
		};
		07CD37051B62A747004AB102 /* Debug */ = {
			isa = XCBuildConfiguration;
			buildSettings = {
				BUNDLE_LOADER = "$(TEST_HOST)";
				FRAMEWORK_SEARCH_PATHS = (
					"$(SDKROOT)/Developer/Library/Frameworks",
					"$(inherited)",
				);
				GCC_PREPROCESSOR_DEFINITIONS = (
					"DEBUG=1",
					"$(inherited)",
				);
				INFOPLIST_FILE = PitchPerfectTests/Info.plist;
				LD_RUNPATH_SEARCH_PATHS = "$(inherited) @executable_path/Frameworks @loader_path/Frameworks";
				PRODUCT_NAME = "$(TARGET_NAME)";
				TEST_HOST = "$(BUILT_PRODUCTS_DIR)/PitchPerfect.app/PitchPerfect";
			};
			name = Debug;
		};
		07CD37061B62A747004AB102 /* Release */ = {
			isa = XCBuildConfiguration;
			buildSettings = {
				BUNDLE_LOADER = "$(TEST_HOST)";
				FRAMEWORK_SEARCH_PATHS = (
					"$(SDKROOT)/Developer/Library/Frameworks",
					"$(inherited)",
				);
				INFOPLIST_FILE = PitchPerfectTests/Info.plist;
				LD_RUNPATH_SEARCH_PATHS = "$(inherited) @executable_path/Frameworks @loader_path/Frameworks";
				PRODUCT_NAME = "$(TARGET_NAME)";
				TEST_HOST = "$(BUILT_PRODUCTS_DIR)/PitchPerfect.app/PitchPerfect";
			};
			name = Release;
		};
/* End XCBuildConfiguration section */

/* Begin XCConfigurationList section */
		07CD36DD1B62A745004AB102 /* Build configuration list for PBXProject "PitchPerfect" */ = {
			isa = XCConfigurationList;
			buildConfigurations = (
				07CD36FF1B62A747004AB102 /* Debug */,
				07CD37001B62A747004AB102 /* Release */,
			);
			defaultConfigurationIsVisible = 0;
			defaultConfigurationName = Release;
		};
		07CD37011B62A747004AB102 /* Build configuration list for PBXNativeTarget "PitchPerfect" */ = {
			isa = XCConfigurationList;
			buildConfigurations = (
				07CD37021B62A747004AB102 /* Debug */,
				07CD37031B62A747004AB102 /* Release */,
			);
			defaultConfigurationIsVisible = 0;
			defaultConfigurationName = Release;
		};
		07CD37041B62A747004AB102 /* Build configuration list for PBXNativeTarget "PitchPerfectTests" */ = {
			isa = XCConfigurationList;
			buildConfigurations = (
				07CD37051B62A747004AB102 /* Debug */,
				07CD37061B62A747004AB102 /* Release */,
			);
			defaultConfigurationIsVisible = 0;
			defaultConfigurationName = Release;
		};
/* End XCConfigurationList section */
	};
	rootObject = 07CD36DA1B62A745004AB102 /* Project object */;
}
